# THIS IS AN AUTOGENERATED FILE. DO NOT EDIT THIS FILE DIRECTLY.
# yarn lockfile v1


"@redis/bloom@1.0.2":
  version "1.0.2"
  resolved "https://registry.yarnpkg.com/@redis/bloom/-/bloom-1.0.2.tgz#42b82ec399a92db05e29fffcdfd9235a5fc15cdf"
  integrity sha512-EBw7Ag1hPgFzdznK2PBblc1kdlj5B5Cw3XwI9/oG7tSn85/HKy3X9xHy/8tm/eNXJYHLXHJL/pkwBpFMVVefkw==

"@redis/client@1.3.0":
  version "1.3.0"
  resolved "https://registry.yarnpkg.com/@redis/client/-/client-1.3.0.tgz#c62ccd707f16370a2dc2f9e158a28b7da049fa77"
  integrity sha512-XCFV60nloXAefDsPnYMjHGtvbtHR8fV5Om8cQ0JYqTNbWcQo/4AryzJ2luRj4blveWazRK/j40gES8M7Cp6cfQ==
  dependencies:
    cluster-key-slot "1.1.0"
    generic-pool "3.8.2"
    yallist "4.0.0"

"@redis/graph@1.0.1":
  version "1.0.1"
  resolved "https://registry.yarnpkg.com/@redis/graph/-/graph-1.0.1.tgz#eabc58ba99cd70d0c907169c02b55497e4ec8a99"
  integrity sha512-oDE4myMCJOCVKYMygEMWuriBgqlS5FqdWerikMoJxzmmTUErnTRRgmIDa2VcgytACZMFqpAOWDzops4DOlnkfQ==

"@redis/json@1.0.4":
  version "1.0.4"
  resolved "https://registry.yarnpkg.com/@redis/json/-/json-1.0.4.tgz#f372b5f93324e6ffb7f16aadcbcb4e5c3d39bda1"
  integrity sha512-LUZE2Gdrhg0Rx7AN+cZkb1e6HjoSKaeeW8rYnt89Tly13GBI5eP4CwDVr+MY8BAYfCg4/N15OUrtLoona9uSgw==

"@redis/search@1.1.0":
  version "1.1.0"
  resolved "https://registry.yarnpkg.com/@redis/search/-/search-1.1.0.tgz#7abb18d431f27ceafe6bcb4dd83a3fa67e9ab4df"
  integrity sha512-NyFZEVnxIJEybpy+YskjgOJRNsfTYqaPbK/Buv6W2kmFNaRk85JiqjJZA5QkRmWvGbyQYwoO5QfDi2wHskKrQQ==

"@redis/time-series@1.0.3":
  version "1.0.3"
  resolved "https://registry.yarnpkg.com/@redis/time-series/-/time-series-1.0.3.tgz#4cfca8e564228c0bddcdf4418cba60c20b224ac4"
  integrity sha512-OFp0q4SGrTH0Mruf6oFsHGea58u8vS/iI5+NpYdicaM+7BgqBZH8FFvNZ8rYYLrUO/QRqMq72NpXmxLVNcdmjA==

async@1.5.2:
  version "1.5.2"
  resolved "https://registry.yarnpkg.com/async/-/async-1.5.2.tgz#ec6a61ae56480c0c3cb241c95618e20892f9672a"
  integrity sha512-nSVgobk4rv61R9PUSDtYt7mPVB2olxNR5RWJcAsH676/ef11bUZwvu7+RGYrYauVdDPcO519v68wRhXQtxsV9w==

bluebird@^3.4.1, bluebird@^3.4.6, bluebird@^3.5.5:
  version "3.7.2"
  resolved "https://registry.yarnpkg.com/bluebird/-/bluebird-3.7.2.tgz#9f229c15be272454ffa973ace0dbee79a1b0c36f"
  integrity sha512-XpNj6GDQzdfW+r2Wnn7xiSAd7TM3jzkxGXBGTtWKuSXv1xUV+azxAm8jdWZN06QTQk+2N2XB9jRDkvbmQmcRtg==

cache-manager-memcached-store@^2.1.0:
  version "2.3.0"
  resolved "https://registry.yarnpkg.com/cache-manager-memcached-store/-/cache-manager-memcached-store-2.3.0.tgz#853e2c681c2763b794d3330604ee0bddf115e060"
  integrity sha512-ZoYJYtUbXQWAzg+8VojCf9KpsE5g5cZ2akVtr7TfqSK2VrQ2AWSBQFfmNn2tmrD8JxTTRqjuozTpxs3EA1iAAA==
  dependencies:
    memcache-plus "0.2.22"
    xtend "4.0.1"

cache-manager-redis@^0.6.0:
  version "0.6.0"
  resolved "https://registry.yarnpkg.com/cache-manager-redis/-/cache-manager-redis-0.6.0.tgz#b364b8e855b287edae1b07780addb9bc9860ebce"
  integrity sha512-i7grsVyuIppLyzKAAHM48Eo2YX51+D++Pp1MQiX/9GCBVr3ofayiBpLrz/k/IUpaU9HUZ56P+v5Ee7yJRkfk/w==
  dependencies:
    cache-manager "^2.2.0"
    redis-url "^1.2.1"
    sol-redis-pool "^0.3.2"

cache-manager@^2.2.0, cache-manager@^2.9.1:
  version "2.11.1"
  resolved "https://registry.yarnpkg.com/cache-manager/-/cache-manager-2.11.1.tgz#212e8c3db15288af653b029a1d9fe12f1fd9df61"
  integrity sha512-XhUuc9eYwkzpK89iNewFwtvcDYMUsvtwzHeyEOPJna/WsVsXcrzsA1ft2M0QqPNunEzLhNCYPo05tEfG+YuNow==
  dependencies:
    async "1.5.2"
    lodash.clonedeep "4.5.0"
    lru-cache "4.0.0"

carrier@^0.3.0:
  version "0.3.0"
  resolved "https://registry.yarnpkg.com/carrier/-/carrier-0.3.0.tgz#bd295d1d3a7524cac63dd779b929ee22a362bad4"
  integrity sha512-G0Unz6R11Pdg/9N0qr5muv5ZOF2+oe3WH7i6eiClSd5kozdY5a2nKFfGOTajhoM1vioaAfbnj2RnRQFUDyb9Mw==

cluster-key-slot@1.1.0:
  version "1.1.0"
  resolved "https://registry.yarnpkg.com/cluster-key-slot/-/cluster-key-slot-1.1.0.tgz#30474b2a981fb12172695833052bc0d01336d10d"
  integrity sha512-2Nii8p3RwAPiFwsnZvukotvow2rIHM+yQ6ZcBXGHdniadkYGZYiGmkHJIbZPIV9nfv7m/U1IPMVVcAhoWFeklw==

connection-parse@0.0.x:
  version "0.0.7"
  resolved "https://registry.yarnpkg.com/connection-parse/-/connection-parse-0.0.7.tgz#18e7318aab06a699267372b10c5226d25a1c9a69"
  integrity sha512-bTTG28diWg7R7/+qE5NZumwPbCiJOT8uPdZYu674brDjBWQctbaQbYlDKhalS+4i5HxIx+G8dZsnBHKzWpp01A==

debug@^2.2.0:
  version "2.6.9"
  resolved "https://registry.yarnpkg.com/debug/-/debug-2.6.9.tgz#5d128515df134ff327e90a4c93f4e077a536341f"
  integrity sha512-bC7ElrdJaJnPbAP+1EotYvqZsb3ecl5wi6Bfi6BJTUcNowp6cvspg0jXznRTKDjm/E7AdgFBVeAPVMNcKGsHMA==
  dependencies:
    ms "2.0.0"

double-ended-queue@^2.1.0-0:
  version "2.1.0-0"
  resolved "https://registry.yarnpkg.com/double-ended-queue/-/double-ended-queue-2.1.0-0.tgz#103d3527fd31528f40188130c841efdd78264e5c"
  integrity sha512-+BNfZ+deCo8hMNpDqDnvT+c0XpJ5cUa6mqYq89bho2Ifze4URTqRkcwR399hWoTrTkbZ/XJYDgP6rc7pRgffEQ==

generic-pool@2.2.1:
  version "2.2.1"
  resolved "https://registry.yarnpkg.com/generic-pool/-/generic-pool-2.2.1.tgz#750ac994eca4e7f87f616e2adff0253f64659ad6"
  integrity sha512-nhvlRRwPMl04jnZOEB4Myh8NwNfWpgBbS2IXzdZBdTM7Udvw1/qSCzxd/9P4EanohUzTgNath7v7KQFlOd2W2Q==

generic-pool@3.8.2:
  version "3.8.2"
  resolved "https://registry.yarnpkg.com/generic-pool/-/generic-pool-3.8.2.tgz#aab4f280adb522fdfbdc5e5b64d718d3683f04e9"
  integrity sha512-nGToKy6p3PAbYQ7p1UlWl6vSPwfwU6TMSWK7TTu+WUY4ZjyZQGniGGt2oNVvyNSpyZYSB43zMXVLcBm08MTMkg==

hashring@^3.2.0:
  version "3.2.0"
  resolved "https://registry.yarnpkg.com/hashring/-/hashring-3.2.0.tgz#fda4efde8aa22cdb97fb1d2a65e88401e1c144ce"
  integrity sha512-xCMovURClsQZ+TR30icCZj+34Fq1hs0y6YCASD6ZqdRfYRybb5Iadws2WS+w09mGM/kf9xyA5FCdJQGcgcraSA==
  dependencies:
    connection-parse "0.0.x"
    simple-lru-cache "0.0.x"

immutable@^3.8.1:
  version "3.8.2"
  resolved "https://registry.yarnpkg.com/immutable/-/immutable-3.8.2.tgz#c2439951455bb39913daf281376f1530e104adf3"
  integrity sha512-15gZoQ38eYjEjxkorfbcgBKBL6R7T459OuK+CpcWt7O3KF4uPCx2tD0uFETlUDIyo+1789crbMhTvQBSR5yBMg==

lodash.clonedeep@4.5.0:
  version "4.5.0"
  resolved "https://registry.yarnpkg.com/lodash.clonedeep/-/lodash.clonedeep-4.5.0.tgz#e23f3f9c4f8fbdde872529c1071857a086e5ccef"
  integrity sha512-H5ZhCF25riFd9uB5UCkVKo61m3S/xZk1x4wA6yp/L3RFP6Z/eHH1ymQcGLo7J3GMPfm0V/7m1tryHuGVxpqEBQ==

lodash@^4.14.0:
  version "4.17.21"
  resolved "https://registry.yarnpkg.com/lodash/-/lodash-4.17.21.tgz#679591c564c3bffaae8454cf0b3df370c3d6911c"
  integrity sha512-v2kDEe57lecTulaDIuNTPy3Ry4gLGJ6Z1O3vE1krgXZNrsQ+LFTGHVxVjcXPs17LhbZVGedAJv8XZ1tvj5FvSg==

lru-cache@4.0.0:
  version "4.0.0"
  resolved "https://registry.yarnpkg.com/lru-cache/-/lru-cache-4.0.0.tgz#b5cbf01556c16966febe54ceec0fb4dc90df6c28"
  integrity sha512-WKhDkjlLwzE8jAQdQlsxLUQTPXLCKX/4cJk6s5AlRtJkDBk0IKH5O51bVDH61K9N4bhbbyvLM6EiOuE8ovApPA==
  dependencies:
    pseudomap "^1.0.1"
    yallist "^2.0.0"

memcache-plus@0.2.22:
  version "0.2.22"
  resolved "https://registry.yarnpkg.com/memcache-plus/-/memcache-plus-0.2.22.tgz#cbabd31304b2bee39afdad191ba06863d9cf6fea"
  integrity sha512-B8ynbId2GBGeHpners5P2AxEcc2MvaCBqPen0zkbPYXhc7Ta7Vu+JPRUYtNdgaG5ImXCjRGDoB5sOJrAveCztg==
  dependencies:
    bluebird "^3.4.1"
    carrier "^0.3.0"
    debug "^2.2.0"
    hashring "^3.2.0"
    immutable "^3.8.1"
    lodash "^4.14.0"
    ramda "^0.24.1"

ms@2.0.0:
  version "2.0.0"
  resolved "https://registry.yarnpkg.com/ms/-/ms-2.0.0.tgz#5608aeadfc00be6c2901df5f9861788de0d597c8"
  integrity sha512-Tpp60P6IUJDTuOq/5Z8cdskzJujfwqfOTkrwIwj7IRISpnkJnT6SyJ4PCPnGMoFjC9ddhal5KVIYtAt97ix05A==

nuxt-ssr-cache@^1.5.2:
  version "1.5.2"
  resolved "https://registry.yarnpkg.com/nuxt-ssr-cache/-/nuxt-ssr-cache-1.5.2.tgz#489ef7b6f60be9dab1b0af96319d5a9971961c0b"
  integrity sha512-iOk45E2kaCxxg44WvELEqcsdqJWmO0uQsu/BOsRQTxav1CD5+idoAWybxAP9UeWbT6rR+GLDsCJIZg7vrDaMLg==
  dependencies:
    bluebird "^3.5.5"
    cache-manager "^2.9.1"
    redis "^2.8.0"
  optionalDependencies:
    cache-manager-memcached-store "^2.1.0"
    cache-manager-redis "^0.6.0"

pseudomap@^1.0.1:
  version "1.0.2"
  resolved "https://registry.yarnpkg.com/pseudomap/-/pseudomap-1.0.2.tgz#f052a28da70e618917ef0a8ac34c1ae5a68286b3"
  integrity sha512-b/YwNhb8lk1Zz2+bXXpS/LK9OisiZZ1SNsSLxN1x2OXVEhW2Ckr/7mWE5vrC1ZTiJlD9g19jWszTmJsB+oEpFQ==

ramda@^0.24.1:
  version "0.24.1"
  resolved "https://registry.yarnpkg.com/ramda/-/ramda-0.24.1.tgz#c3b7755197f35b8dc3502228262c4c91ddb6b857"
  integrity sha512-HEm619G8PaZMfkqCa23qiOe7r3R0brPu7ZgOsgKUsnvLhd0qhc/vTjkUovomgPWa5ECBa08fJZixth9LaoBo5w==

redis-commands@^1.2.0:
  version "1.7.0"
  resolved "https://registry.yarnpkg.com/redis-commands/-/redis-commands-1.7.0.tgz#15a6fea2d58281e27b1cd1acfb4b293e278c3a89"
  integrity sha512-nJWqw3bTFy21hX/CPKHth6sfhZbdiHP6bTawSgQBlKOVRG7EZkfHbbHwQJnrE4vsQf0CMNE+3gJ4Fmm16vdVlQ==

redis-parser@^2.6.0:
  version "2.6.0"
  resolved "https://registry.yarnpkg.com/redis-parser/-/redis-parser-2.6.0.tgz#52ed09dacac108f1a631c07e9b69941e7a19504b"
  integrity sha512-9Hdw19gwXFBJdN8ENUoNVJFRyMDFrE/ZBClPicKYDPwNPJ4ST1TedAHYNSiGKElwh2vrmRGMoJYbVdJd+WQXIw==

redis-url@^1.2.1:
  version "1.2.1"
  resolved "https://registry.yarnpkg.com/redis-url/-/redis-url-1.2.1.tgz#18670095a38e989d379359dd4c6e4abff85e2eb1"
  integrity sha512-KL+/sxJXNecWSpRZj4MhRFXkfzG9Mip62x5BDNLIaN87JtdyWHHbm09qGiSfMr5yjhKeHLju79hgSCoi1WcYRg==
  dependencies:
    redis ">= 0.0.1"

"redis@>= 0.0.1", "redis@>= 2.6.2":
  version "4.3.1"
  resolved "https://registry.yarnpkg.com/redis/-/redis-4.3.1.tgz#290532a0c22221e05e991162ac4dca1e1b2ff6da"
  integrity sha512-cM7yFU5CA6zyCF7N/+SSTcSJQSRMEKN0k0Whhu6J7n9mmXRoXugfWDBo5iOzGwABmsWKSwGPTU5J4Bxbl+0mrA==
  dependencies:
    "@redis/bloom" "1.0.2"
    "@redis/client" "1.3.0"
    "@redis/graph" "1.0.1"
    "@redis/json" "1.0.4"
    "@redis/search" "1.1.0"
    "@redis/time-series" "1.0.3"

redis@^2.8.0:
  version "2.8.0"
  resolved "https://registry.yarnpkg.com/redis/-/redis-2.8.0.tgz#202288e3f58c49f6079d97af7a10e1303ae14b02"
  integrity sha512-M1OkonEQwtRmZv4tEWF2VgpG0JWJ8Fv1PhlgT5+B+uNq2cA3Rt1Yt/ryoR+vQNOQcIEgdCdfH0jr3bDpihAw1A==
  dependencies:
    double-ended-queue "^2.1.0-0"
    redis-commands "^1.2.0"
    redis-parser "^2.6.0"

simple-lru-cache@0.0.x:
  version "0.0.2"
  resolved "https://registry.yarnpkg.com/simple-lru-cache/-/simple-lru-cache-0.0.2.tgz#d59cc3a193c1a5d0320f84ee732f6e4713e511dd"
  integrity sha512-uEv/AFO0ADI7d99OHDmh1QfYzQk/izT1vCmu/riQfh7qjBVUUgRT87E5s5h7CxWCA/+YoZerykpEthzVrW3LIw==

sol-redis-pool@^0.3.2:
  version "0.3.3"
  resolved "https://registry.yarnpkg.com/sol-redis-pool/-/sol-redis-pool-0.3.3.tgz#a7111d6f8942413ba0ad4733566167052db74a6b"
  integrity sha512-sDXjqFOPVu/e3k0G0l7ECJ0V4Hm51ECyZYOPah1uYigJve3IUenj/y9tAw2o9mr4ORLbcMRIaw4ovn+RgXMnZA==
  dependencies:
    bluebird "^3.4.6"
    generic-pool "2.2.1"
    redis ">= 2.6.2"

xtend@4.0.1:
  version "4.0.1"
  resolved "https://registry.yarnpkg.com/xtend/-/xtend-4.0.1.tgz#a5c6d532be656e23db820efb943a1f04998d63af"
  integrity sha512-iTwvhNBRetXWe81+VcIw5YeadVSWyze7uA7nVnpP13ulrpnJ3UfQm5ApGnrkmxDJFdrblRdZs0EvaTCIfei5oQ==

yallist@4.0.0:
  version "4.0.0"
  resolved "https://registry.yarnpkg.com/yallist/-/yallist-4.0.0.tgz#9bb92790d9c0effec63be73519e11a35019a3a72"
  integrity sha512-3wdGidZyq5PB084XLES5TpOSRA3wjXAlIWMhum2kRcv/41Sn2emQ0dycQW4uZXLejwKvg6EsvbdlVL+FYEct7A==

yallist@^2.0.0:
  version "2.1.2"
  resolved "https://registry.yarnpkg.com/yallist/-/yallist-2.1.2.tgz#1c11f9218f076089a47dd512f93c6699a6a81d52"
  integrity sha512-ncTzHV7NvsQZkYe1DW7cbDLm0YpzHmZF5r/iyP3ZnQtMiJ+pjzisCiMNI+Sj+xQF5pXhSHxSB3uDbsBTzY/c2A==
